
Microsoft Visual Studio Solution File, Format Version 12.00
# Visual Studio Version 17
VisualStudioVersion = 17.14.36301.6 d17.14
MinimumVisualStudioVersion = 10.0.40219.1
Project("{FAE04EC0-301F-11D3-BF4B-00C04F79EFBC}") = "CalculatorApp", "CalculatorApp\CalculatorApp.csproj", "{2114CE5F-500F-4CEC-B963-6FD5EF4D08BB}"
EndProject
Global
	GlobalSection(SolutionConfigurationPlatforms) = preSolution
		Debug|Any CPU = Debug|Any CPU
		Release|Any CPU = Release|Any CPU
	EndGlobalSection
	GlobalSection(ProjectConfigurationPlatforms) = postSolution
		{2114CE5F-500F-4CEC-B963-6FD5EF4D08BB}.Debug|Any CPU.ActiveCfg = Debug|Any CPU
		{2114CE5F-500F-4CEC-B963-6FD5EF4D08BB}.Debug|Any CPU.Build.0 = Debug|Any CPU
		{2114CE5F-500F-4CEC-B963-6FD5EF4D08BB}.Release|Any CPU.ActiveCfg = Release|Any CPU
		{2114CE5F-500F-4CEC-B963-6FD5EF4D08BB}.Release|Any CPU.Build.0 = Release|Any CPU
	EndGlobalSection
	GlobalSection(SolutionProperties) = preSolution
		HideSolutionNode = FALSE
	EndGlobalSection
	GlobalSection(ExtensibilityGlobals) = postSolution
		SolutionGuid = {D11E39D8-BA7A-4727-BDD0-D4E6D31BEB98}
	EndGlobalSection
EndGlobal
